// !$*UTF8*$!
{
	archiveVersion = 1;
	classes = {
	};
	objectVersion = 46;
	objects = {

/* Begin PBXBuildFile section */
		9500E3DE1B8DFE410037973F /* AnimatedStaff.swift in Sources */ = {isa = PBXBuildFile; fileRef = 9500E3DD1B8DFE410037973F /* AnimatedStaff.swift */; };
		95088E391C437BED009ADED7 /* KeySignatureChangingState.swift in Sources */ = {isa = PBXBuildFile; fileRef = 95088E381C437BED009ADED7 /* KeySignatureChangingState.swift */; };
		95088E3B1C437BF7009ADED7 /* TempoChangingState.swift in Sources */ = {isa = PBXBuildFile; fileRef = 95088E3A1C437BF7009ADED7 /* TempoChangingState.swift */; };
		95088E3D1C437C01009ADED7 /* NoteAndClefState.swift in Sources */ = {isa = PBXBuildFile; fileRef = 95088E3C1C437C01009ADED7 /* NoteAndClefState.swift */; };
		95312ADE1C44C56100160912 /* GamePersistence.swift in Sources */ = {isa = PBXBuildFile; fileRef = 95312ADD1C44C56100160912 /* GamePersistence.swift */; };
		953A44FE1C44700400B391F1 /* silent.mp3 in Resources */ = {isa = PBXBuildFile; fileRef = 953A44FD1C44700400B391F1 /* silent.mp3 */; };
		953A45001C4472C600B391F1 /* HighScoreViewController.swift in Sources */ = {isa = PBXBuildFile; fileRef = 953A44FF1C4472C600B391F1 /* HighScoreViewController.swift */; };
		953F12701C2F9D7A00DFA922 /* Keyboard.swift in Sources */ = {isa = PBXBuildFile; fileRef = 953F126F1C2F9D7A00DFA922 /* Keyboard.swift */; };
		953F12721C30A85C00DFA922 /* KeySignatureSprite.swift in Sources */ = {isa = PBXBuildFile; fileRef = 953F12711C30A85C00DFA922 /* KeySignatureSprite.swift */; };
		953F12741C3385C600DFA922 /* GameModel.swift in Sources */ = {isa = PBXBuildFile; fileRef = 953F12731C3385C600DFA922 /* GameModel.swift */; };
		953F12761C33876900DFA922 /* GameViewController.swift in Sources */ = {isa = PBXBuildFile; fileRef = 953F12751C33876900DFA922 /* GameViewController.swift */; };
		953F12781C3387A300DFA922 /* MainMenuViewController.swift in Sources */ = {isa = PBXBuildFile; fileRef = 953F12771C3387A300DFA922 /* MainMenuViewController.swift */; };
		953F127A1C33901900DFA922 /* TempoMarkingSprite.swift in Sources */ = {isa = PBXBuildFile; fileRef = 953F12791C33901900DFA922 /* TempoMarkingSprite.swift */; };
		954F214C1D0F5C1100F4430C /* Presto_ConcentrationKeySigTests.swift in Sources */ = {isa = PBXBuildFile; fileRef = 954F214B1D0F5C1100F4430C /* Presto_ConcentrationKeySigTests.swift */; };
		955F013B1C274300000434AD /* MajorKeySignature.swift in Sources */ = {isa = PBXBuildFile; fileRef = 955F013A1C274300000434AD /* MajorKeySignature.swift */; };
		955F013D1C28989E000434AD /* Pitch.swift in Sources */ = {isa = PBXBuildFile; fileRef = 955F013C1C28989E000434AD /* Pitch.swift */; };
		9563F68A1C435E70003130CB /* GameCountStateMachine.swift in Sources */ = {isa = PBXBuildFile; fileRef = 9563F6891C435E70003130CB /* GameCountStateMachine.swift */; };
		958C76D01B8E09FD00221004 /* Note.swift in Sources */ = {isa = PBXBuildFile; fileRef = 958C76CF1B8E09FD00221004 /* Note.swift */; };
		958C76E11B8E0D4200221004 /* KeyBase.swift in Sources */ = {isa = PBXBuildFile; fileRef = 958C76E01B8E0D4200221004 /* KeyBase.swift */; };
		958C76E31B8E0EFB00221004 /* KeyboardView.swift in Sources */ = {isa = PBXBuildFile; fileRef = 958C76E21B8E0EFB00221004 /* KeyboardView.swift */; };
		958C76E51B8E121C00221004 /* KeyRange.swift in Sources */ = {isa = PBXBuildFile; fileRef = 958C76E41B8E121C00221004 /* KeyRange.swift */; };
		958C78F71B8E534600221004 /* NoteSprite.swift in Sources */ = {isa = PBXBuildFile; fileRef = 958C78F61B8E534600221004 /* NoteSprite.swift */; };
		95966D491B8F4E0100326C7B /* Clef.swift in Sources */ = {isa = PBXBuildFile; fileRef = 95966D481B8F4E0100326C7B /* Clef.swift */; };
		95EF51DF1C3DB36300F7ED14 /* 0.aif in Resources */ = {isa = PBXBuildFile; fileRef = 95EF51861C3DB36300F7ED14 /* 0.aif */; };
		95EF51E01C3DB36300F7ED14 /* 1.aif in Resources */ = {isa = PBXBuildFile; fileRef = 95EF51871C3DB36300F7ED14 /* 1.aif */; };
		95EF51E11C3DB36300F7ED14 /* 10.aif in Resources */ = {isa = PBXBuildFile; fileRef = 95EF51881C3DB36300F7ED14 /* 10.aif */; };
		95EF51E21C3DB36300F7ED14 /* 11.aif in Resources */ = {isa = PBXBuildFile; fileRef = 95EF51891C3DB36300F7ED14 /* 11.aif */; };
		95EF51E31C3DB36300F7ED14 /* 12.aif in Resources */ = {isa = PBXBuildFile; fileRef = 95EF518A1C3DB36300F7ED14 /* 12.aif */; };
		95EF51E41C3DB36300F7ED14 /* 13.aif in Resources */ = {isa = PBXBuildFile; fileRef = 95EF518B1C3DB36300F7ED14 /* 13.aif */; };
		95EF51E51C3DB36300F7ED14 /* 14.aif in Resources */ = {isa = PBXBuildFile; fileRef = 95EF518C1C3DB36300F7ED14 /* 14.aif */; };
		95EF51E61C3DB36300F7ED14 /* 15.aif in Resources */ = {isa = PBXBuildFile; fileRef = 95EF518D1C3DB36300F7ED14 /* 15.aif */; };
		95EF51E71C3DB36300F7ED14 /* 16.aif in Resources */ = {isa = PBXBuildFile; fileRef = 95EF518E1C3DB36300F7ED14 /* 16.aif */; };
		95EF51E81C3DB36300F7ED14 /* 17.aif in Resources */ = {isa = PBXBuildFile; fileRef = 95EF518F1C3DB36300F7ED14 /* 17.aif */; };
		95EF51E91C3DB36300F7ED14 /* 18.aif in Resources */ = {isa = PBXBuildFile; fileRef = 95EF51901C3DB36300F7ED14 /* 18.aif */; };
		95EF51EA1C3DB36300F7ED14 /* 19.aif in Resources */ = {isa = PBXBuildFile; fileRef = 95EF51911C3DB36300F7ED14 /* 19.aif */; };
		95EF51EB1C3DB36300F7ED14 /* 2.aif in Resources */ = {isa = PBXBuildFile; fileRef = 95EF51921C3DB36300F7ED14 /* 2.aif */; };
		95EF51EC1C3DB36300F7ED14 /* 20.aif in Resources */ = {isa = PBXBuildFile; fileRef = 95EF51931C3DB36300F7ED14 /* 20.aif */; };
		95EF51ED1C3DB36300F7ED14 /* 21.aif in Resources */ = {isa = PBXBuildFile; fileRef = 95EF51941C3DB36300F7ED14 /* 21.aif */; };
		95EF51EE1C3DB36300F7ED14 /* 22.aif in Resources */ = {isa = PBXBuildFile; fileRef = 95EF51951C3DB36300F7ED14 /* 22.aif */; };
		95EF51EF1C3DB36300F7ED14 /* 23.aif in Resources */ = {isa = PBXBuildFile; fileRef = 95EF51961C3DB36300F7ED14 /* 23.aif */; };
		95EF51F01C3DB36300F7ED14 /* 24.aif in Resources */ = {isa = PBXBuildFile; fileRef = 95EF51971C3DB36300F7ED14 /* 24.aif */; };
		95EF51F11C3DB36300F7ED14 /* 25.aif in Resources */ = {isa = PBXBuildFile; fileRef = 95EF51981C3DB36300F7ED14 /* 25.aif */; };
		95EF51F21C3DB36300F7ED14 /* 26.aif in Resources */ = {isa = PBXBuildFile; fileRef = 95EF51991C3DB36300F7ED14 /* 26.aif */; };
		95EF51F31C3DB36300F7ED14 /* 27.aif in Resources */ = {isa = PBXBuildFile; fileRef = 95EF519A1C3DB36300F7ED14 /* 27.aif */; };
		95EF51F41C3DB36300F7ED14 /* 28.aif in Resources */ = {isa = PBXBuildFile; fileRef = 95EF519B1C3DB36300F7ED14 /* 28.aif */; };
		95EF51F51C3DB36300F7ED14 /* 29.aif in Resources */ = {isa = PBXBuildFile; fileRef = 95EF519C1C3DB36300F7ED14 /* 29.aif */; };
		95EF51F61C3DB36300F7ED14 /* 3.aif in Resources */ = {isa = PBXBuildFile; fileRef = 95EF519D1C3DB36300F7ED14 /* 3.aif */; };
		95EF51F71C3DB36300F7ED14 /* 30.aif in Resources */ = {isa = PBXBuildFile; fileRef = 95EF519E1C3DB36300F7ED14 /* 30.aif */; };
		95EF51F81C3DB36300F7ED14 /* 31.aif in Resources */ = {isa = PBXBuildFile; fileRef = 95EF519F1C3DB36300F7ED14 /* 31.aif */; };
		95EF51F91C3DB36300F7ED14 /* 32.aif in Resources */ = {isa = PBXBuildFile; fileRef = 95EF51A01C3DB36300F7ED14 /* 32.aif */; };
		95EF51FA1C3DB36300F7ED14 /* 33.aif in Resources */ = {isa = PBXBuildFile; fileRef = 95EF51A11C3DB36300F7ED14 /* 33.aif */; };
		95EF51FB1C3DB36300F7ED14 /* 34.aif in Resources */ = {isa = PBXBuildFile; fileRef = 95EF51A21C3DB36300F7ED14 /* 34.aif */; };
		95EF51FC1C3DB36300F7ED14 /* 35.aif in Resources */ = {isa = PBXBuildFile; fileRef = 95EF51A31C3DB36300F7ED14 /* 35.aif */; };
		95EF51FD1C3DB36300F7ED14 /* 36.aif in Resources */ = {isa = PBXBuildFile; fileRef = 95EF51A41C3DB36300F7ED14 /* 36.aif */; };
		95EF51FE1C3DB36300F7ED14 /* 37.aif in Resources */ = {isa = PBXBuildFile; fileRef = 95EF51A51C3DB36300F7ED14 /* 37.aif */; };
		95EF51FF1C3DB36300F7ED14 /* 38.aif in Resources */ = {isa = PBXBuildFile; fileRef = 95EF51A61C3DB36300F7ED14 /* 38.aif */; };
		95EF52001C3DB36300F7ED14 /* 39.aif in Resources */ = {isa = PBXBuildFile; fileRef = 95EF51A71C3DB36300F7ED14 /* 39.aif */; };
		95EF52011C3DB36300F7ED14 /* 4.aif in Resources */ = {isa = PBXBuildFile; fileRef = 95EF51A81C3DB36300F7ED14 /* 4.aif */; };
		95EF52021C3DB36300F7ED14 /* 40.aif in Resources */ = {isa = PBXBuildFile; fileRef = 95EF51A91C3DB36300F7ED14 /* 40.aif */; };
		95EF52031C3DB36300F7ED14 /* 41.aif in Resources */ = {isa = PBXBuildFile; fileRef = 95EF51AA1C3DB36300F7ED14 /* 41.aif */; };
		95EF52041C3DB36300F7ED14 /* 42.aif in Resources */ = {isa = PBXBuildFile; fileRef = 95EF51AB1C3DB36300F7ED14 /* 42.aif */; };
		95EF52051C3DB36300F7ED14 /* 43.aif in Resources */ = {isa = PBXBuildFile; fileRef = 95EF51AC1C3DB36300F7ED14 /* 43.aif */; };
		95EF52061C3DB36300F7ED14 /* 44.aif in Resources */ = {isa = PBXBuildFile; fileRef = 95EF51AD1C3DB36300F7ED14 /* 44.aif */; };
		95EF52071C3DB36300F7ED14 /* 45.aif in Resources */ = {isa = PBXBuildFile; fileRef = 95EF51AE1C3DB36300F7ED14 /* 45.aif */; };
		95EF52081C3DB36300F7ED14 /* 46.aif in Resources */ = {isa = PBXBuildFile; fileRef = 95EF51AF1C3DB36300F7ED14 /* 46.aif */; };
		95EF52091C3DB36300F7ED14 /* 47.aif in Resources */ = {isa = PBXBuildFile; fileRef = 95EF51B01C3DB36300F7ED14 /* 47.aif */; };
		95EF520A1C3DB36300F7ED14 /* 48.aif in Resources */ = {isa = PBXBuildFile; fileRef = 95EF51B11C3DB36300F7ED14 /* 48.aif */; };
		95EF520B1C3DB36300F7ED14 /* 49.aif in Resources */ = {isa = PBXBuildFile; fileRef = 95EF51B21C3DB36300F7ED14 /* 49.aif */; };
		95EF520C1C3DB36300F7ED14 /* 5.aif in Resources */ = {isa = PBXBuildFile; fileRef = 95EF51B31C3DB36300F7ED14 /* 5.aif */; };
		95EF520D1C3DB36300F7ED14 /* 50.aif in Resources */ = {isa = PBXBuildFile; fileRef = 95EF51B41C3DB36300F7ED14 /* 50.aif */; };
		95EF520E1C3DB36300F7ED14 /* 51.aif in Resources */ = {isa = PBXBuildFile; fileRef = 95EF51B51C3DB36300F7ED14 /* 51.aif */; };
		95EF520F1C3DB36300F7ED14 /* 52.aif in Resources */ = {isa = PBXBuildFile; fileRef = 95EF51B61C3DB36300F7ED14 /* 52.aif */; };
		95EF52101C3DB36300F7ED14 /* 53.aif in Resources */ = {isa = PBXBuildFile; fileRef = 95EF51B71C3DB36300F7ED14 /* 53.aif */; };
		95EF52111C3DB36300F7ED14 /* 54.aif in Resources */ = {isa = PBXBuildFile; fileRef = 95EF51B81C3DB36300F7ED14 /* 54.aif */; };
		95EF52121C3DB36300F7ED14 /* 55.aif in Resources */ = {isa = PBXBuildFile; fileRef = 95EF51B91C3DB36300F7ED14 /* 55.aif */; };
		95EF52131C3DB36300F7ED14 /* 56.aif in Resources */ = {isa = PBXBuildFile; fileRef = 95EF51BA1C3DB36300F7ED14 /* 56.aif */; };
		95EF52141C3DB36300F7ED14 /* 57.aif in Resources */ = {isa = PBXBuildFile; fileRef = 95EF51BB1C3DB36300F7ED14 /* 57.aif */; };
		95EF52151C3DB36300F7ED14 /* 58.aif in Resources */ = {isa = PBXBuildFile; fileRef = 95EF51BC1C3DB36300F7ED14 /* 58.aif */; };
		95EF52161C3DB36300F7ED14 /* 59.aif in Resources */ = {isa = PBXBuildFile; fileRef = 95EF51BD1C3DB36300F7ED14 /* 59.aif */; };
		95EF52171C3DB36300F7ED14 /* 6.aif in Resources */ = {isa = PBXBuildFile; fileRef = 95EF51BE1C3DB36300F7ED14 /* 6.aif */; };
		95EF52181C3DB36300F7ED14 /* 60.aif in Resources */ = {isa = PBXBuildFile; fileRef = 95EF51BF1C3DB36300F7ED14 /* 60.aif */; };
		95EF52191C3DB36300F7ED14 /* 61.aif in Resources */ = {isa = PBXBuildFile; fileRef = 95EF51C01C3DB36300F7ED14 /* 61.aif */; };
		95EF521A1C3DB36300F7ED14 /* 62.aif in Resources */ = {isa = PBXBuildFile; fileRef = 95EF51C11C3DB36300F7ED14 /* 62.aif */; };
		95EF521B1C3DB36300F7ED14 /* 63.aif in Resources */ = {isa = PBXBuildFile; fileRef = 95EF51C21C3DB36300F7ED14 /* 63.aif */; };
		95EF521C1C3DB36300F7ED14 /* 64.aif in Resources */ = {isa = PBXBuildFile; fileRef = 95EF51C31C3DB36300F7ED14 /* 64.aif */; };
		95EF521D1C3DB36300F7ED14 /* 65.aif in Resources */ = {isa = PBXBuildFile; fileRef = 95EF51C41C3DB36300F7ED14 /* 65.aif */; };
		95EF521E1C3DB36300F7ED14 /* 66.aif in Resources */ = {isa = PBXBuildFile; fileRef = 95EF51C51C3DB36300F7ED14 /* 66.aif */; };
		95EF521F1C3DB36300F7ED14 /* 67.aif in Resources */ = {isa = PBXBuildFile; fileRef = 95EF51C61C3DB36300F7ED14 /* 67.aif */; };
		95EF52201C3DB36300F7ED14 /* 68.aif in Resources */ = {isa = PBXBuildFile; fileRef = 95EF51C71C3DB36300F7ED14 /* 68.aif */; };
		95EF52211C3DB36300F7ED14 /* 69.aif in Resources */ = {isa = PBXBuildFile; fileRef = 95EF51C81C3DB36300F7ED14 /* 69.aif */; };
		95EF52221C3DB36300F7ED14 /* 7.aif in Resources */ = {isa = PBXBuildFile; fileRef = 95EF51C91C3DB36300F7ED14 /* 7.aif */; };
		95EF52231C3DB36300F7ED14 /* 70.aif in Resources */ = {isa = PBXBuildFile; fileRef = 95EF51CA1C3DB36300F7ED14 /* 70.aif */; };
		95EF52241C3DB36300F7ED14 /* 71.aif in Resources */ = {isa = PBXBuildFile; fileRef = 95EF51CB1C3DB36300F7ED14 /* 71.aif */; };
		95EF52251C3DB36300F7ED14 /* 72.aif in Resources */ = {isa = PBXBuildFile; fileRef = 95EF51CC1C3DB36300F7ED14 /* 72.aif */; };
		95EF52261C3DB36300F7ED14 /* 73.aif in Resources */ = {isa = PBXBuildFile; fileRef = 95EF51CD1C3DB36300F7ED14 /* 73.aif */; };
		95EF52271C3DB36300F7ED14 /* 74.aif in Resources */ = {isa = PBXBuildFile; fileRef = 95EF51CE1C3DB36300F7ED14 /* 74.aif */; };
		95EF52281C3DB36300F7ED14 /* 75.aif in Resources */ = {isa = PBXBuildFile; fileRef = 95EF51CF1C3DB36300F7ED14 /* 75.aif */; };
		95EF52291C3DB36300F7ED14 /* 76.aif in Resources */ = {isa = PBXBuildFile; fileRef = 95EF51D01C3DB36300F7ED14 /* 76.aif */; };
		95EF522A1C3DB36300F7ED14 /* 77.aif in Resources */ = {isa = PBXBuildFile; fileRef = 95EF51D11C3DB36300F7ED14 /* 77.aif */; };
		95EF522B1C3DB36300F7ED14 /* 78.aif in Resources */ = {isa = PBXBuildFile; fileRef = 95EF51D21C3DB36300F7ED14 /* 78.aif */; };
		95EF522C1C3DB36300F7ED14 /* 79.aif in Resources */ = {isa = PBXBuildFile; fileRef = 95EF51D31C3DB36300F7ED14 /* 79.aif */; };
		95EF522D1C3DB36300F7ED14 /* 8.aif in Resources */ = {isa = PBXBuildFile; fileRef = 95EF51D41C3DB36300F7ED14 /* 8.aif */; };
		95EF522E1C3DB36300F7ED14 /* 80.aif in Resources */ = {isa = PBXBuildFile; fileRef = 95EF51D51C3DB36300F7ED14 /* 80.aif */; };
		95EF522F1C3DB36300F7ED14 /* 81.aif in Resources */ = {isa = PBXBuildFile; fileRef = 95EF51D61C3DB36300F7ED14 /* 81.aif */; };
		95EF52301C3DB36300F7ED14 /* 82.aif in Resources */ = {isa = PBXBuildFile; fileRef = 95EF51D71C3DB36300F7ED14 /* 82.aif */; };
		95EF52311C3DB36300F7ED14 /* 83.aif in Resources */ = {isa = PBXBuildFile; fileRef = 95EF51D81C3DB36300F7ED14 /* 83.aif */; };
		95EF52321C3DB36300F7ED14 /* 84.aif in Resources */ = {isa = PBXBuildFile; fileRef = 95EF51D91C3DB36300F7ED14 /* 84.aif */; };
		95EF52331C3DB36300F7ED14 /* 85.aif in Resources */ = {isa = PBXBuildFile; fileRef = 95EF51DA1C3DB36300F7ED14 /* 85.aif */; };
		95EF52341C3DB36300F7ED14 /* 86.aif in Resources */ = {isa = PBXBuildFile; fileRef = 95EF51DB1C3DB36300F7ED14 /* 86.aif */; };
		95EF52351C3DB36300F7ED14 /* 87.aif in Resources */ = {isa = PBXBuildFile; fileRef = 95EF51DC1C3DB36300F7ED14 /* 87.aif */; };
		95EF52361C3DB36300F7ED14 /* 9.aif in Resources */ = {isa = PBXBuildFile; fileRef = 95EF51DD1C3DB36300F7ED14 /* 9.aif */; };
		95EF52371C3DB36300F7ED14 /* renameIt.sh in Resources */ = {isa = PBXBuildFile; fileRef = 95EF51DE1C3DB36300F7ED14 /* renameIt.sh */; };
		95F05B8C1B85073D0022F04C /* AppDelegate.swift in Sources */ = {isa = PBXBuildFile; fileRef = 95F05B8B1B85073D0022F04C /* AppDelegate.swift */; };
		95F05B911B85073D0022F04C /* Main.storyboard in Resources */ = {isa = PBXBuildFile; fileRef = 95F05B8F1B85073D0022F04C /* Main.storyboard */; };
		95F05B931B85073D0022F04C /* Images.xcassets in Resources */ = {isa = PBXBuildFile; fileRef = 95F05B921B85073D0022F04C /* Images.xcassets */; };
		95F05B961B85073D0022F04C /* LaunchScreen.xib in Resources */ = {isa = PBXBuildFile; fileRef = 95F05B941B85073D0022F04C /* LaunchScreen.xib */; };
		95F05BA21B85073D0022F04C /* Presto_ConcentrationTests.swift in Sources */ = {isa = PBXBuildFile; fileRef = 95F05BA11B85073D0022F04C /* Presto_ConcentrationTests.swift */; };
/* End PBXBuildFile section */

/* Begin PBXContainerItemProxy section */
		95F05B9C1B85073D0022F04C /* PBXContainerItemProxy */ = {
			isa = PBXContainerItemProxy;
			containerPortal = 95F05B7E1B85073D0022F04C /* Project object */;
			proxyType = 1;
			remoteGlobalIDString = 95F05B851B85073D0022F04C;
			remoteInfo = "Presto Concentration";
		};
/* End PBXContainerItemProxy section */

/* Begin PBXFileReference section */
		9500E3DD1B8DFE410037973F /* AnimatedStaff.swift */ = {isa = PBXFileReference; fileEncoding = 4; lastKnownFileType = sourcecode.swift; path = AnimatedStaff.swift; sourceTree = "<group>"; };
		95088E381C437BED009ADED7 /* KeySignatureChangingState.swift */ = {isa = PBXFileReference; fileEncoding = 4; lastKnownFileType = sourcecode.swift; path = KeySignatureChangingState.swift; sourceTree = "<group>"; };
		95088E3A1C437BF7009ADED7 /* TempoChangingState.swift */ = {isa = PBXFileReference; fileEncoding = 4; lastKnownFileType = sourcecode.swift; path = TempoChangingState.swift; sourceTree = "<group>"; };
		95088E3C1C437C01009ADED7 /* NoteAndClefState.swift */ = {isa = PBXFileReference; fileEncoding = 4; lastKnownFileType = sourcecode.swift; path = NoteAndClefState.swift; sourceTree = "<group>"; };
		95312ADD1C44C56100160912 /* GamePersistence.swift */ = {isa = PBXFileReference; fileEncoding = 4; lastKnownFileType = sourcecode.swift; path = GamePersistence.swift; sourceTree = "<group>"; };
		953A44FD1C44700400B391F1 /* silent.mp3 */ = {isa = PBXFileReference; lastKnownFileType = audio.mp3; path = silent.mp3; sourceTree = "<group>"; };
		953A44FF1C4472C600B391F1 /* HighScoreViewController.swift */ = {isa = PBXFileReference; fileEncoding = 4; lastKnownFileType = sourcecode.swift; path = HighScoreViewController.swift; sourceTree = "<group>"; };
		953A45011C44ACD400B391F1 /* Gotham-Bold.ttf */ = {isa = PBXFileReference; lastKnownFileType = file; path = "Gotham-Bold.ttf"; sourceTree = "<group>"; };
		953F126F1C2F9D7A00DFA922 /* Keyboard.swift */ = {isa = PBXFileReference; fileEncoding = 4; lastKnownFileType = sourcecode.swift; path = Keyboard.swift; sourceTree = "<group>"; };
		953F12711C30A85C00DFA922 /* KeySignatureSprite.swift */ = {isa = PBXFileReference; fileEncoding = 4; lastKnownFileType = sourcecode.swift; path = KeySignatureSprite.swift; sourceTree = "<group>"; };
		953F12731C3385C600DFA922 /* GameModel.swift */ = {isa = PBXFileReference; fileEncoding = 4; lastKnownFileType = sourcecode.swift; path = GameModel.swift; sourceTree = "<group>"; };
		953F12751C33876900DFA922 /* GameViewController.swift */ = {isa = PBXFileReference; fileEncoding = 4; lastKnownFileType = sourcecode.swift; path = GameViewController.swift; sourceTree = "<group>"; };
		953F12771C3387A300DFA922 /* MainMenuViewController.swift */ = {isa = PBXFileReference; fileEncoding = 4; lastKnownFileType = sourcecode.swift; path = MainMenuViewController.swift; sourceTree = "<group>"; };
		953F12791C33901900DFA922 /* TempoMarkingSprite.swift */ = {isa = PBXFileReference; fileEncoding = 4; lastKnownFileType = sourcecode.swift; path = TempoMarkingSprite.swift; sourceTree = "<group>"; };
		954F214B1D0F5C1100F4430C /* Presto_ConcentrationKeySigTests.swift */ = {isa = PBXFileReference; fileEncoding = 4; lastKnownFileType = sourcecode.swift; path = Presto_ConcentrationKeySigTests.swift; sourceTree = "<group>"; };
		955F013A1C274300000434AD /* MajorKeySignature.swift */ = {isa = PBXFileReference; fileEncoding = 4; lastKnownFileType = sourcecode.swift; path = MajorKeySignature.swift; sourceTree = "<group>"; };
		955F013C1C28989E000434AD /* Pitch.swift */ = {isa = PBXFileReference; fileEncoding = 4; lastKnownFileType = sourcecode.swift; path = Pitch.swift; sourceTree = "<group>"; };
		9563F6891C435E70003130CB /* GameCountStateMachine.swift */ = {isa = PBXFileReference; fileEncoding = 4; lastKnownFileType = sourcecode.swift; path = GameCountStateMachine.swift; sourceTree = "<group>"; };
		958C76CF1B8E09FD00221004 /* Note.swift */ = {isa = PBXFileReference; fileEncoding = 4; lastKnownFileType = sourcecode.swift; path = Note.swift; sourceTree = "<group>"; };
		958C76E01B8E0D4200221004 /* KeyBase.swift */ = {isa = PBXFileReference; fileEncoding = 4; lastKnownFileType = sourcecode.swift; path = KeyBase.swift; sourceTree = "<group>"; };
		958C76E21B8E0EFB00221004 /* KeyboardView.swift */ = {isa = PBXFileReference; fileEncoding = 4; lastKnownFileType = sourcecode.swift; path = KeyboardView.swift; sourceTree = "<group>"; };
		958C76E41B8E121C00221004 /* KeyRange.swift */ = {isa = PBXFileReference; fileEncoding = 4; lastKnownFileType = sourcecode.swift; path = KeyRange.swift; sourceTree = "<group>"; };
		958C78F61B8E534600221004 /* NoteSprite.swift */ = {isa = PBXFileReference; fileEncoding = 4; lastKnownFileType = sourcecode.swift; path = NoteSprite.swift; sourceTree = "<group>"; };
		95966D481B8F4E0100326C7B /* Clef.swift */ = {isa = PBXFileReference; fileEncoding = 4; lastKnownFileType = sourcecode.swift; path = Clef.swift; sourceTree = "<group>"; };
		95EF51861C3DB36300F7ED14 /* 0.aif */ = {isa = PBXFileReference; lastKnownFileType = file; path = 0.aif; sourceTree = "<group>"; };
		95EF51871C3DB36300F7ED14 /* 1.aif */ = {isa = PBXFileReference; lastKnownFileType = file; path = 1.aif; sourceTree = "<group>"; };
		95EF51881C3DB36300F7ED14 /* 10.aif */ = {isa = PBXFileReference; lastKnownFileType = file; path = 10.aif; sourceTree = "<group>"; };
		95EF51891C3DB36300F7ED14 /* 11.aif */ = {isa = PBXFileReference; lastKnownFileType = file; path = 11.aif; sourceTree = "<group>"; };
		95EF518A1C3DB36300F7ED14 /* 12.aif */ = {isa = PBXFileReference; lastKnownFileType = file; path = 12.aif; sourceTree = "<group>"; };
		95EF518B1C3DB36300F7ED14 /* 13.aif */ = {isa = PBXFileReference; lastKnownFileType = file; path = 13.aif; sourceTree = "<group>"; };
		95EF518C1C3DB36300F7ED14 /* 14.aif */ = {isa = PBXFileReference; lastKnownFileType = file; path = 14.aif; sourceTree = "<group>"; };
		95EF518D1C3DB36300F7ED14 /* 15.aif */ = {isa = PBXFileReference; lastKnownFileType = file; path = 15.aif; sourceTree = "<group>"; };
		95EF518E1C3DB36300F7ED14 /* 16.aif */ = {isa = PBXFileReference; lastKnownFileType = file; path = 16.aif; sourceTree = "<group>"; };
		95EF518F1C3DB36300F7ED14 /* 17.aif */ = {isa = PBXFileReference; lastKnownFileType = file; path = 17.aif; sourceTree = "<group>"; };
		95EF51901C3DB36300F7ED14 /* 18.aif */ = {isa = PBXFileReference; lastKnownFileType = file; path = 18.aif; sourceTree = "<group>"; };
		95EF51911C3DB36300F7ED14 /* 19.aif */ = {isa = PBXFileReference; lastKnownFileType = file; path = 19.aif; sourceTree = "<group>"; };
		95EF51921C3DB36300F7ED14 /* 2.aif */ = {isa = PBXFileReference; lastKnownFileType = file; path = 2.aif; sourceTree = "<group>"; };
		95EF51931C3DB36300F7ED14 /* 20.aif */ = {isa = PBXFileReference; lastKnownFileType = file; path = 20.aif; sourceTree = "<group>"; };
		95EF51941C3DB36300F7ED14 /* 21.aif */ = {isa = PBXFileReference; lastKnownFileType = file; path = 21.aif; sourceTree = "<group>"; };
		95EF51951C3DB36300F7ED14 /* 22.aif */ = {isa = PBXFileReference; lastKnownFileType = file; path = 22.aif; sourceTree = "<group>"; };
		95EF51961C3DB36300F7ED14 /* 23.aif */ = {isa = PBXFileReference; lastKnownFileType = file; path = 23.aif; sourceTree = "<group>"; };
		95EF51971C3DB36300F7ED14 /* 24.aif */ = {isa = PBXFileReference; lastKnownFileType = file; path = 24.aif; sourceTree = "<group>"; };
		95EF51981C3DB36300F7ED14 /* 25.aif */ = {isa = PBXFileReference; lastKnownFileType = file; path = 25.aif; sourceTree = "<group>"; };
		95EF51991C3DB36300F7ED14 /* 26.aif */ = {isa = PBXFileReference; lastKnownFileType = file; path = 26.aif; sourceTree = "<group>"; };
		95EF519A1C3DB36300F7ED14 /* 27.aif */ = {isa = PBXFileReference; lastKnownFileType = file; path = 27.aif; sourceTree = "<group>"; };
		95EF519B1C3DB36300F7ED14 /* 28.aif */ = {isa = PBXFileReference; lastKnownFileType = file; path = 28.aif; sourceTree = "<group>"; };
		95EF519C1C3DB36300F7ED14 /* 29.aif */ = {isa = PBXFileReference; lastKnownFileType = file; path = 29.aif; sourceTree = "<group>"; };
		95EF519D1C3DB36300F7ED14 /* 3.aif */ = {isa = PBXFileReference; lastKnownFileType = file; path = 3.aif; sourceTree = "<group>"; };
		95EF519E1C3DB36300F7ED14 /* 30.aif */ = {isa = PBXFileReference; lastKnownFileType = file; path = 30.aif; sourceTree = "<group>"; };
		95EF519F1C3DB36300F7ED14 /* 31.aif */ = {isa = PBXFileReference; lastKnownFileType = file; path = 31.aif; sourceTree = "<group>"; };
		95EF51A01C3DB36300F7ED14 /* 32.aif */ = {isa = PBXFileReference; lastKnownFileType = file; path = 32.aif; sourceTree = "<group>"; };
		95EF51A11C3DB36300F7ED14 /* 33.aif */ = {isa = PBXFileReference; lastKnownFileType = file; path = 33.aif; sourceTree = "<group>"; };
		95EF51A21C3DB36300F7ED14 /* 34.aif */ = {isa = PBXFileReference; lastKnownFileType = file; path = 34.aif; sourceTree = "<group>"; };
		95EF51A31C3DB36300F7ED14 /* 35.aif */ = {isa = PBXFileReference; lastKnownFileType = file; path = 35.aif; sourceTree = "<group>"; };
		95EF51A41C3DB36300F7ED14 /* 36.aif */ = {isa = PBXFileReference; lastKnownFileType = file; path = 36.aif; sourceTree = "<group>"; };
		95EF51A51C3DB36300F7ED14 /* 37.aif */ = {isa = PBXFileReference; lastKnownFileType = file; path = 37.aif; sourceTree = "<group>"; };
		95EF51A61C3DB36300F7ED14 /* 38.aif */ = {isa = PBXFileReference; lastKnownFileType = file; path = 38.aif; sourceTree = "<group>"; };
		95EF51A71C3DB36300F7ED14 /* 39.aif */ = {isa = PBXFileReference; lastKnownFileType = file; path = 39.aif; sourceTree = "<group>"; };
		95EF51A81C3DB36300F7ED14 /* 4.aif */ = {isa = PBXFileReference; lastKnownFileType = file; path = 4.aif; sourceTree = "<group>"; };
		95EF51A91C3DB36300F7ED14 /* 40.aif */ = {isa = PBXFileReference; lastKnownFileType = file; path = 40.aif; sourceTree = "<group>"; };
		95EF51AA1C3DB36300F7ED14 /* 41.aif */ = {isa = PBXFileReference; lastKnownFileType = file; path = 41.aif; sourceTree = "<group>"; };
		95EF51AB1C3DB36300F7ED14 /* 42.aif */ = {isa = PBXFileReference; lastKnownFileType = file; path = 42.aif; sourceTree = "<group>"; };
		95EF51AC1C3DB36300F7ED14 /* 43.aif */ = {isa = PBXFileReference; lastKnownFileType = file; path = 43.aif; sourceTree = "<group>"; };
		95EF51AD1C3DB36300F7ED14 /* 44.aif */ = {isa = PBXFileReference; lastKnownFileType = file; path = 44.aif; sourceTree = "<group>"; };
		95EF51AE1C3DB36300F7ED14 /* 45.aif */ = {isa = PBXFileReference; lastKnownFileType = file; path = 45.aif; sourceTree = "<group>"; };
		95EF51AF1C3DB36300F7ED14 /* 46.aif */ = {isa = PBXFileReference; lastKnownFileType = file; path = 46.aif; sourceTree = "<group>"; };
		95EF51B01C3DB36300F7ED14 /* 47.aif */ = {isa = PBXFileReference; lastKnownFileType = file; path = 47.aif; sourceTree = "<group>"; };
		95EF51B11C3DB36300F7ED14 /* 48.aif */ = {isa = PBXFileReference; lastKnownFileType = file; path = 48.aif; sourceTree = "<group>"; };
		95EF51B21C3DB36300F7ED14 /* 49.aif */ = {isa = PBXFileReference; lastKnownFileType = file; path = 49.aif; sourceTree = "<group>"; };
		95EF51B31C3DB36300F7ED14 /* 5.aif */ = {isa = PBXFileReference; lastKnownFileType = file; path = 5.aif; sourceTree = "<group>"; };
		95EF51B41C3DB36300F7ED14 /* 50.aif */ = {isa = PBXFileReference; lastKnownFileType = file; path = 50.aif; sourceTree = "<group>"; };
		95EF51B51C3DB36300F7ED14 /* 51.aif */ = {isa = PBXFileReference; lastKnownFileType = file; path = 51.aif; sourceTree = "<group>"; };
		95EF51B61C3DB36300F7ED14 /* 52.aif */ = {isa = PBXFileReference; lastKnownFileType = file; path = 52.aif; sourceTree = "<group>"; };
		95EF51B71C3DB36300F7ED14 /* 53.aif */ = {isa = PBXFileReference; lastKnownFileType = file; path = 53.aif; sourceTree = "<group>"; };
		95EF51B81C3DB36300F7ED14 /* 54.aif */ = {isa = PBXFileReference; lastKnownFileType = file; path = 54.aif; sourceTree = "<group>"; };
		95EF51B91C3DB36300F7ED14 /* 55.aif */ = {isa = PBXFileReference; lastKnownFileType = file; path = 55.aif; sourceTree = "<group>"; };
		95EF51BA1C3DB36300F7ED14 /* 56.aif */ = {isa = PBXFileReference; lastKnownFileType = file; path = 56.aif; sourceTree = "<group>"; };
		95EF51BB1C3DB36300F7ED14 /* 57.aif */ = {isa = PBXFileReference; lastKnownFileType = file; path = 57.aif; sourceTree = "<group>"; };
		95EF51BC1C3DB36300F7ED14 /* 58.aif */ = {isa = PBXFileReference; lastKnownFileType = file; path = 58.aif; sourceTree = "<group>"; };
		95EF51BD1C3DB36300F7ED14 /* 59.aif */ = {isa = PBXFileReference; lastKnownFileType = file; path = 59.aif; sourceTree = "<group>"; };
		95EF51BE1C3DB36300F7ED14 /* 6.aif */ = {isa = PBXFileReference; lastKnownFileType = file; path = 6.aif; sourceTree = "<group>"; };
		95EF51BF1C3DB36300F7ED14 /* 60.aif */ = {isa = PBXFileReference; lastKnownFileType = file; path = 60.aif; sourceTree = "<group>"; };
		95EF51C01C3DB36300F7ED14 /* 61.aif */ = {isa = PBXFileReference; lastKnownFileType = file; path = 61.aif; sourceTree = "<group>"; };
		95EF51C11C3DB36300F7ED14 /* 62.aif */ = {isa = PBXFileReference; lastKnownFileType = file; path = 62.aif; sourceTree = "<group>"; };
		95EF51C21C3DB36300F7ED14 /* 63.aif */ = {isa = PBXFileReference; lastKnownFileType = file; path = 63.aif; sourceTree = "<group>"; };
		95EF51C31C3DB36300F7ED14 /* 64.aif */ = {isa = PBXFileReference; lastKnownFileType = file; path = 64.aif; sourceTree = "<group>"; };
		95EF51C41C3DB36300F7ED14 /* 65.aif */ = {isa = PBXFileReference; lastKnownFileType = file; path = 65.aif; sourceTree = "<group>"; };
		95EF51C51C3DB36300F7ED14 /* 66.aif */ = {isa = PBXFileReference; lastKnownFileType = file; path = 66.aif; sourceTree = "<group>"; };
		95EF51C61C3DB36300F7ED14 /* 67.aif */ = {isa = PBXFileReference; lastKnownFileType = file; path = 67.aif; sourceTree = "<group>"; };
		95EF51C71C3DB36300F7ED14 /* 68.aif */ = {isa = PBXFileReference; lastKnownFileType = file; path = 68.aif; sourceTree = "<group>"; };
		95EF51C81C3DB36300F7ED14 /* 69.aif */ = {isa = PBXFileReference; lastKnownFileType = file; path = 69.aif; sourceTree = "<group>"; };
		95EF51C91C3DB36300F7ED14 /* 7.aif */ = {isa = PBXFileReference; lastKnownFileType = file; path = 7.aif; sourceTree = "<group>"; };
		95EF51CA1C3DB36300F7ED14 /* 70.aif */ = {isa = PBXFileReference; lastKnownFileType = file; path = 70.aif; sourceTree = "<group>"; };
		95EF51CB1C3DB36300F7ED14 /* 71.aif */ = {isa = PBXFileReference; lastKnownFileType = file; path = 71.aif; sourceTree = "<group>"; };
		95EF51CC1C3DB36300F7ED14 /* 72.aif */ = {isa = PBXFileReference; lastKnownFileType = file; path = 72.aif; sourceTree = "<group>"; };
		95EF51CD1C3DB36300F7ED14 /* 73.aif */ = {isa = PBXFileReference; lastKnownFileType = file; path = 73.aif; sourceTree = "<group>"; };
		95EF51CE1C3DB36300F7ED14 /* 74.aif */ = {isa = PBXFileReference; lastKnownFileType = file; path = 74.aif; sourceTree = "<group>"; };
		95EF51CF1C3DB36300F7ED14 /* 75.aif */ = {isa = PBXFileReference; lastKnownFileType = file; path = 75.aif; sourceTree = "<group>"; };
		95EF51D01C3DB36300F7ED14 /* 76.aif */ = {isa = PBXFileReference; lastKnownFileType = file; path = 76.aif; sourceTree = "<group>"; };
		95EF51D11C3DB36300F7ED14 /* 77.aif */ = {isa = PBXFileReference; lastKnownFileType = file; path = 77.aif; sourceTree = "<group>"; };
		95EF51D21C3DB36300F7ED14 /* 78.aif */ = {isa = PBXFileReference; lastKnownFileType = file; path = 78.aif; sourceTree = "<group>"; };
		95EF51D31C3DB36300F7ED14 /* 79.aif */ = {isa = PBXFileReference; lastKnownFileType = file; path = 79.aif; sourceTree = "<group>"; };
		95EF51D41C3DB36300F7ED14 /* 8.aif */ = {isa = PBXFileReference; lastKnownFileType = file; path = 8.aif; sourceTree = "<group>"; };
		95EF51D51C3DB36300F7ED14 /* 80.aif */ = {isa = PBXFileReference; lastKnownFileType = file; path = 80.aif; sourceTree = "<group>"; };
		95EF51D61C3DB36300F7ED14 /* 81.aif */ = {isa = PBXFileReference; lastKnownFileType = file; path = 81.aif; sourceTree = "<group>"; };
		95EF51D71C3DB36300F7ED14 /* 82.aif */ = {isa = PBXFileReference; lastKnownFileType = file; path = 82.aif; sourceTree = "<group>"; };
		95EF51D81C3DB36300F7ED14 /* 83.aif */ = {isa = PBXFileReference; lastKnownFileType = file; path = 83.aif; sourceTree = "<group>"; };
		95EF51D91C3DB36300F7ED14 /* 84.aif */ = {isa = PBXFileReference; lastKnownFileType = file; path = 84.aif; sourceTree = "<group>"; };
		95EF51DA1C3DB36300F7ED14 /* 85.aif */ = {isa = PBXFileReference; lastKnownFileType = file; path = 85.aif; sourceTree = "<group>"; };
		95EF51DB1C3DB36300F7ED14 /* 86.aif */ = {isa = PBXFileReference; lastKnownFileType = file; path = 86.aif; sourceTree = "<group>"; };
		95EF51DC1C3DB36300F7ED14 /* 87.aif */ = {isa = PBXFileReference; lastKnownFileType = file; path = 87.aif; sourceTree = "<group>"; };
		95EF51DD1C3DB36300F7ED14 /* 9.aif */ = {isa = PBXFileReference; lastKnownFileType = file; path = 9.aif; sourceTree = "<group>"; };
		95EF51DE1C3DB36300F7ED14 /* renameIt.sh */ = {isa = PBXFileReference; fileEncoding = 4; lastKnownFileType = text.script.sh; path = renameIt.sh; sourceTree = "<group>"; };
		95F05B861B85073D0022F04C /* Presto Concentration.app */ = {isa = PBXFileReference; explicitFileType = wrapper.application; includeInIndex = 0; path = "Presto Concentration.app"; sourceTree = BUILT_PRODUCTS_DIR; };
		95F05B8A1B85073D0022F04C /* Info.plist */ = {isa = PBXFileReference; lastKnownFileType = text.plist.xml; path = Info.plist; sourceTree = "<group>"; };
		95F05B8B1B85073D0022F04C /* AppDelegate.swift */ = {isa = PBXFileReference; lastKnownFileType = sourcecode.swift; path = AppDelegate.swift; sourceTree = "<group>"; };
		95F05B901B85073D0022F04C /* Base */ = {isa = PBXFileReference; lastKnownFileType = file.storyboard; name = Base; path = Base.lproj/Main.storyboard; sourceTree = "<group>"; };
		95F05B921B85073D0022F04C /* Images.xcassets */ = {isa = PBXFileReference; lastKnownFileType = folder.assetcatalog; path = Images.xcassets; sourceTree = "<group>"; };
		95F05B951B85073D0022F04C /* Base */ = {isa = PBXFileReference; lastKnownFileType = file.xib; name = Base; path = Base.lproj/LaunchScreen.xib; sourceTree = "<group>"; };
		95F05B9B1B85073D0022F04C /* Presto ConcentrationTests.xctest */ = {isa = PBXFileReference; explicitFileType = wrapper.cfbundle; includeInIndex = 0; path = "Presto ConcentrationTests.xctest"; sourceTree = BUILT_PRODUCTS_DIR; };
		95F05BA01B85073D0022F04C /* Info.plist */ = {isa = PBXFileReference; lastKnownFileType = text.plist.xml; path = Info.plist; sourceTree = "<group>"; };
		95F05BA11B85073D0022F04C /* Presto_ConcentrationTests.swift */ = {isa = PBXFileReference; lastKnownFileType = sourcecode.swift; path = Presto_ConcentrationTests.swift; sourceTree = "<group>"; };
/* End PBXFileReference section */

/* Begin PBXFrameworksBuildPhase section */
		95F05B831B85073D0022F04C /* Frameworks */ = {
			isa = PBXFrameworksBuildPhase;
			buildActionMask = 2147483647;
			files = (
			);
			runOnlyForDeploymentPostprocessing = 0;
		};
		95F05B981B85073D0022F04C /* Frameworks */ = {
			isa = PBXFrameworksBuildPhase;
			buildActionMask = 2147483647;
			files = (
			);
			runOnlyForDeploymentPostprocessing = 0;
		};
/* End PBXFrameworksBuildPhase section */

/* Begin PBXGroup section */
		953A44F91C440C7700B391F1 /* Game Model */ = {
			isa = PBXGroup;
			children = (
				953F12731C3385C600DFA922 /* GameModel.swift */,
				9563F6891C435E70003130CB /* GameCountStateMachine.swift */,
				95088E3C1C437C01009ADED7 /* NoteAndClefState.swift */,
				95088E381C437BED009ADED7 /* KeySignatureChangingState.swift */,
				95088E3A1C437BF7009ADED7 /* TempoChangingState.swift */,
			);
			name = "Game Model";
			sourceTree = "<group>";
		};
		953A44FA1C440C9800B391F1 /* Music Theory */ = {
			isa = PBXGroup;
			children = (
				95966D481B8F4E0100326C7B /* Clef.swift */,
				955F013A1C274300000434AD /* MajorKeySignature.swift */,
				953F126F1C2F9D7A00DFA922 /* Keyboard.swift */,
				958C76CF1B8E09FD00221004 /* Note.swift */,
				955F013C1C28989E000434AD /* Pitch.swift */,
				958C76E41B8E121C00221004 /* KeyRange.swift */,
			);
			name = "Music Theory";
			sourceTree = "<group>";
		};
		953A44FB1C440E4200B391F1 /* SpriteKit Music */ = {
			isa = PBXGroup;
			children = (
				9500E3DD1B8DFE410037973F /* AnimatedStaff.swift */,
				958C78F61B8E534600221004 /* NoteSprite.swift */,
				953F12711C30A85C00DFA922 /* KeySignatureSprite.swift */,
				953F12791C33901900DFA922 /* TempoMarkingSprite.swift */,
			);
			name = "SpriteKit Music";
			sourceTree = "<group>";
		};
		953A44FC1C440E5F00B391F1 /* UIKit Music */ = {
			isa = PBXGroup;
			children = (
				958C76E01B8E0D4200221004 /* KeyBase.swift */,
				958C76E21B8E0EFB00221004 /* KeyboardView.swift */,
			);
			name = "UIKit Music";
			sourceTree = "<group>";
		};
		958C76E61B8E509200221004 /* resources */ = {
			isa = PBXGroup;
			children = (
				953A44FD1C44700400B391F1 /* silent.mp3 */,
				95EF51851C3DB36300F7ED14 /* pianoAudio */,
			);
			path = resources;
			sourceTree = "<group>";
		};
		95EF51851C3DB36300F7ED14 /* pianoAudio */ = {
			isa = PBXGroup;
			children = (
				95EF51861C3DB36300F7ED14 /* 0.aif */,
				95EF51871C3DB36300F7ED14 /* 1.aif */,
				95EF51881C3DB36300F7ED14 /* 10.aif */,
				95EF51891C3DB36300F7ED14 /* 11.aif */,
				95EF518A1C3DB36300F7ED14 /* 12.aif */,
				95EF518B1C3DB36300F7ED14 /* 13.aif */,
				95EF518C1C3DB36300F7ED14 /* 14.aif */,
				95EF518D1C3DB36300F7ED14 /* 15.aif */,
				95EF518E1C3DB36300F7ED14 /* 16.aif */,
				95EF518F1C3DB36300F7ED14 /* 17.aif */,
				95EF51901C3DB36300F7ED14 /* 18.aif */,
				95EF51911C3DB36300F7ED14 /* 19.aif */,
				95EF51921C3DB36300F7ED14 /* 2.aif */,
				95EF51931C3DB36300F7ED14 /* 20.aif */,
				95EF51941C3DB36300F7ED14 /* 21.aif */,
				95EF51951C3DB36300F7ED14 /* 22.aif */,
				95EF51961C3DB36300F7ED14 /* 23.aif */,
				95EF51971C3DB36300F7ED14 /* 24.aif */,
				95EF51981C3DB36300F7ED14 /* 25.aif */,
				95EF51991C3DB36300F7ED14 /* 26.aif */,
				95EF519A1C3DB36300F7ED14 /* 27.aif */,
				95EF519B1C3DB36300F7ED14 /* 28.aif */,
				95EF519C1C3DB36300F7ED14 /* 29.aif */,
				95EF519D1C3DB36300F7ED14 /* 3.aif */,
				95EF519E1C3DB36300F7ED14 /* 30.aif */,
				95EF519F1C3DB36300F7ED14 /* 31.aif */,
				95EF51A01C3DB36300F7ED14 /* 32.aif */,
				95EF51A11C3DB36300F7ED14 /* 33.aif */,
				95EF51A21C3DB36300F7ED14 /* 34.aif */,
				95EF51A31C3DB36300F7ED14 /* 35.aif */,
				95EF51A41C3DB36300F7ED14 /* 36.aif */,
				95EF51A51C3DB36300F7ED14 /* 37.aif */,
				95EF51A61C3DB36300F7ED14 /* 38.aif */,
				95EF51A71C3DB36300F7ED14 /* 39.aif */,
				95EF51A81C3DB36300F7ED14 /* 4.aif */,
				95EF51A91C3DB36300F7ED14 /* 40.aif */,
				95EF51AA1C3DB36300F7ED14 /* 41.aif */,
				95EF51AB1C3DB36300F7ED14 /* 42.aif */,
				95EF51AC1C3DB36300F7ED14 /* 43.aif */,
				95EF51AD1C3DB36300F7ED14 /* 44.aif */,
				95EF51AE1C3DB36300F7ED14 /* 45.aif */,
				95EF51AF1C3DB36300F7ED14 /* 46.aif */,
				95EF51B01C3DB36300F7ED14 /* 47.aif */,
				95EF51B11C3DB36300F7ED14 /* 48.aif */,
				95EF51B21C3DB36300F7ED14 /* 49.aif */,
				95EF51B31C3DB36300F7ED14 /* 5.aif */,
				95EF51B41C3DB36300F7ED14 /* 50.aif */,
				95EF51B51C3DB36300F7ED14 /* 51.aif */,
				95EF51B61C3DB36300F7ED14 /* 52.aif */,
				95EF51B71C3DB36300F7ED14 /* 53.aif */,
				95EF51B81C3DB36300F7ED14 /* 54.aif */,
				95EF51B91C3DB36300F7ED14 /* 55.aif */,
				95EF51BA1C3DB36300F7ED14 /* 56.aif */,
				95EF51BB1C3DB36300F7ED14 /* 57.aif */,
				95EF51BC1C3DB36300F7ED14 /* 58.aif */,
				95EF51BD1C3DB36300F7ED14 /* 59.aif */,
				95EF51BE1C3DB36300F7ED14 /* 6.aif */,
				95EF51BF1C3DB36300F7ED14 /* 60.aif */,
				95EF51C01C3DB36300F7ED14 /* 61.aif */,
				95EF51C11C3DB36300F7ED14 /* 62.aif */,
				95EF51C21C3DB36300F7ED14 /* 63.aif */,
				95EF51C31C3DB36300F7ED14 /* 64.aif */,
				95EF51C41C3DB36300F7ED14 /* 65.aif */,
				95EF51C51C3DB36300F7ED14 /* 66.aif */,
				95EF51C61C3DB36300F7ED14 /* 67.aif */,
				95EF51C71C3DB36300F7ED14 /* 68.aif */,
				95EF51C81C3DB36300F7ED14 /* 69.aif */,
				95EF51C91C3DB36300F7ED14 /* 7.aif */,
				95EF51CA1C3DB36300F7ED14 /* 70.aif */,
				95EF51CB1C3DB36300F7ED14 /* 71.aif */,
				95EF51CC1C3DB36300F7ED14 /* 72.aif */,
				95EF51CD1C3DB36300F7ED14 /* 73.aif */,
				95EF51CE1C3DB36300F7ED14 /* 74.aif */,
				95EF51CF1C3DB36300F7ED14 /* 75.aif */,
				95EF51D01C3DB36300F7ED14 /* 76.aif */,
				95EF51D11C3DB36300F7ED14 /* 77.aif */,
				95EF51D21C3DB36300F7ED14 /* 78.aif */,
				95EF51D31C3DB36300F7ED14 /* 79.aif */,
				95EF51D41C3DB36300F7ED14 /* 8.aif */,
				95EF51D51C3DB36300F7ED14 /* 80.aif */,
				95EF51D61C3DB36300F7ED14 /* 81.aif */,
				95EF51D71C3DB36300F7ED14 /* 82.aif */,
				95EF51D81C3DB36300F7ED14 /* 83.aif */,
				95EF51D91C3DB36300F7ED14 /* 84.aif */,
				95EF51DA1C3DB36300F7ED14 /* 85.aif */,
				95EF51DB1C3DB36300F7ED14 /* 86.aif */,
				95EF51DC1C3DB36300F7ED14 /* 87.aif */,
				95EF51DD1C3DB36300F7ED14 /* 9.aif */,
				95EF51DE1C3DB36300F7ED14 /* renameIt.sh */,
			);
			name = pianoAudio;
			path = "Presto Concentration/resources/pianoAudio";
			sourceTree = SOURCE_ROOT;
		};
		95F05B7D1B85073D0022F04C = {
			isa = PBXGroup;
			children = (
				953A45011C44ACD400B391F1 /* Gotham-Bold.ttf */,
				95F05B881B85073D0022F04C /* Presto Concentration */,
				95F05B9E1B85073D0022F04C /* Presto ConcentrationTests */,
				95F05B871B85073D0022F04C /* Products */,
			);
			sourceTree = "<group>";
		};
		95F05B871B85073D0022F04C /* Products */ = {
			isa = PBXGroup;
			children = (
				95F05B861B85073D0022F04C /* Presto Concentration.app */,
				95F05B9B1B85073D0022F04C /* Presto ConcentrationTests.xctest */,
			);
			name = Products;
			sourceTree = "<group>";
		};
		95F05B881B85073D0022F04C /* Presto Concentration */ = {
			isa = PBXGroup;
			children = (
				95F05B8B1B85073D0022F04C /* AppDelegate.swift */,
				953F12771C3387A300DFA922 /* MainMenuViewController.swift */,
				953F12751C33876900DFA922 /* GameViewController.swift */,
				953A44FF1C4472C600B391F1 /* HighScoreViewController.swift */,
				95312ADD1C44C56100160912 /* GamePersistence.swift */,
				953A44F91C440C7700B391F1 /* Game Model */,
				953A44FB1C440E4200B391F1 /* SpriteKit Music */,
				953A44FC1C440E5F00B391F1 /* UIKit Music */,
				953A44FA1C440C9800B391F1 /* Music Theory */,
				95F05B8F1B85073D0022F04C /* Main.storyboard */,
				95F05B921B85073D0022F04C /* Images.xcassets */,
				95F05B941B85073D0022F04C /* LaunchScreen.xib */,
				958C76E61B8E509200221004 /* resources */,
				95F05B891B85073D0022F04C /* Supporting Files */,
			);
			path = "Presto Concentration";
			sourceTree = "<group>";
		};
		95F05B891B85073D0022F04C /* Supporting Files */ = {
			isa = PBXGroup;
			children = (
				95F05B8A1B85073D0022F04C /* Info.plist */,
			);
			name = "Supporting Files";
			sourceTree = "<group>";
		};
		95F05B9E1B85073D0022F04C /* Presto ConcentrationTests */ = {
			isa = PBXGroup;
			children = (
				95F05BA11B85073D0022F04C /* Presto_ConcentrationTests.swift */,
				954F214B1D0F5C1100F4430C /* Presto_ConcentrationKeySigTests.swift */,
				95F05B9F1B85073D0022F04C /* Supporting Files */,
			);
			path = "Presto ConcentrationTests";
			sourceTree = "<group>";
		};
		95F05B9F1B85073D0022F04C /* Supporting Files */ = {
			isa = PBXGroup;
			children = (
				95F05BA01B85073D0022F04C /* Info.plist */,
			);
			name = "Supporting Files";
			sourceTree = "<group>";
		};
/* End PBXGroup section */

/* Begin PBXNativeTarget section */
		95F05B851B85073D0022F04C /* Presto Concentration */ = {
			isa = PBXNativeTarget;
			buildConfigurationList = 95F05BA51B85073D0022F04C /* Build configuration list for PBXNativeTarget "Presto Concentration" */;
			buildPhases = (
				95F05B821B85073D0022F04C /* Sources */,
				95F05B831B85073D0022F04C /* Frameworks */,
				95F05B841B85073D0022F04C /* Resources */,
			);
			buildRules = (
			);
			dependencies = (
			);
			name = "Presto Concentration";
			productName = "Presto Concentration";
			productReference = 95F05B861B85073D0022F04C /* Presto Concentration.app */;
			productType = "com.apple.product-type.application";
		};
		95F05B9A1B85073D0022F04C /* Presto ConcentrationTests */ = {
			isa = PBXNativeTarget;
			buildConfigurationList = 95F05BA81B85073D0022F04C /* Build configuration list for PBXNativeTarget "Presto ConcentrationTests" */;
			buildPhases = (
				95F05B971B85073D0022F04C /* Sources */,
				95F05B981B85073D0022F04C /* Frameworks */,
				95F05B991B85073D0022F04C /* Resources */,
			);
			buildRules = (
			);
			dependencies = (
				95F05B9D1B85073D0022F04C /* PBXTargetDependency */,
			);
			name = "Presto ConcentrationTests";
			productName = "Presto ConcentrationTests";
			productReference = 95F05B9B1B85073D0022F04C /* Presto ConcentrationTests.xctest */;
			productType = "com.apple.product-type.bundle.unit-test";
		};
/* End PBXNativeTarget section */

/* Begin PBXProject section */
		95F05B7E1B85073D0022F04C /* Project object */ = {
			isa = PBXProject;
			attributes = {
				LastSwiftMigration = 0720;
				LastSwiftUpdateCheck = 0720;
				LastUpgradeCheck = 0720;
				ORGANIZATIONNAME = "Anthony Gabriele";
				TargetAttributes = {
					95F05B851B85073D0022F04C = {
						CreatedOnToolsVersion = 6.4;
						DevelopmentTeam = 8T97CQ8969;
					};
					95F05B9A1B85073D0022F04C = {
						CreatedOnToolsVersion = 6.4;
						TestTargetID = 95F05B851B85073D0022F04C;
					};
				};
			};
			buildConfigurationList = 95F05B811B85073D0022F04C /* Build configuration list for PBXProject "Presto Concentration" */;
			compatibilityVersion = "Xcode 3.2";
			developmentRegion = English;
			hasScannedForEncodings = 0;
			knownRegions = (
				en,
				Base,
			);
			mainGroup = 95F05B7D1B85073D0022F04C;
			productRefGroup = 95F05B871B85073D0022F04C /* Products */;
			projectDirPath = "";
			projectRoot = "";
			targets = (
				95F05B851B85073D0022F04C /* Presto Concentration */,
				95F05B9A1B85073D0022F04C /* Presto ConcentrationTests */,
			);
		};
/* End PBXProject section */

/* Begin PBXResourcesBuildPhase section */
		95F05B841B85073D0022F04C /* Resources */ = {
			isa = PBXResourcesBuildPhase;
			buildActionMask = 2147483647;
			files = (
				95EF52241C3DB36300F7ED14 /* 71.aif in Resources */,
				95EF52281C3DB36300F7ED14 /* 75.aif in Resources */,
				95EF52121C3DB36300F7ED14 /* 55.aif in Resources */,
				95EF51F91C3DB36300F7ED14 /* 32.aif in Resources */,
				95EF52051C3DB36300F7ED14 /* 43.aif in Resources */,
				95EF52181C3DB36300F7ED14 /* 60.aif in Resources */,
				95EF52071C3DB36300F7ED14 /* 45.aif in Resources */,
				95EF51E01C3DB36300F7ED14 /* 1.aif in Resources */,
				95EF51DF1C3DB36300F7ED14 /* 0.aif in Resources */,
				95EF52301C3DB36300F7ED14 /* 82.aif in Resources */,
				95EF52321C3DB36300F7ED14 /* 84.aif in Resources */,
				95EF52101C3DB36300F7ED14 /* 53.aif in Resources */,
				95EF51F31C3DB36300F7ED14 /* 27.aif in Resources */,
				95EF51EF1C3DB36300F7ED14 /* 23.aif in Resources */,
				95EF51ED1C3DB36300F7ED14 /* 21.aif in Resources */,
				95EF52271C3DB36300F7ED14 /* 74.aif in Resources */,
				95EF52171C3DB36300F7ED14 /* 6.aif in Resources */,
				95EF51E91C3DB36300F7ED14 /* 18.aif in Resources */,
				95EF51E41C3DB36300F7ED14 /* 13.aif in Resources */,
				95EF521A1C3DB36300F7ED14 /* 62.aif in Resources */,
				95EF51FB1C3DB36300F7ED14 /* 34.aif in Resources */,
				95EF522C1C3DB36300F7ED14 /* 79.aif in Resources */,
				95EF52151C3DB36300F7ED14 /* 58.aif in Resources */,
				95EF51F51C3DB36300F7ED14 /* 29.aif in Resources */,
				95EF51E71C3DB36300F7ED14 /* 16.aif in Resources */,
				95EF520B1C3DB36300F7ED14 /* 49.aif in Resources */,
				95EF51EA1C3DB36300F7ED14 /* 19.aif in Resources */,
				95EF520E1C3DB36300F7ED14 /* 51.aif in Resources */,
				95EF52231C3DB36300F7ED14 /* 70.aif in Resources */,
				95EF52131C3DB36300F7ED14 /* 56.aif in Resources */,
				95EF52341C3DB36300F7ED14 /* 86.aif in Resources */,
				95EF51E61C3DB36300F7ED14 /* 15.aif in Resources */,
				95EF52091C3DB36300F7ED14 /* 47.aif in Resources */,
				95EF52061C3DB36300F7ED14 /* 44.aif in Resources */,
				95EF52351C3DB36300F7ED14 /* 87.aif in Resources */,
				95EF52251C3DB36300F7ED14 /* 72.aif in Resources */,
				95EF52221C3DB36300F7ED14 /* 7.aif in Resources */,
				95EF522A1C3DB36300F7ED14 /* 77.aif in Resources */,
				95F05B911B85073D0022F04C /* Main.storyboard in Resources */,
				95EF520A1C3DB36300F7ED14 /* 48.aif in Resources */,
				95EF52001C3DB36300F7ED14 /* 39.aif in Resources */,
				95EF520D1C3DB36300F7ED14 /* 50.aif in Resources */,
				95EF52311C3DB36300F7ED14 /* 83.aif in Resources */,
				95EF51F81C3DB36300F7ED14 /* 31.aif in Resources */,
				95EF51E11C3DB36300F7ED14 /* 10.aif in Resources */,
				95EF51E51C3DB36300F7ED14 /* 14.aif in Resources */,
				95EF521F1C3DB36300F7ED14 /* 67.aif in Resources */,
				95EF521E1C3DB36300F7ED14 /* 66.aif in Resources */,
				95EF51F61C3DB36300F7ED14 /* 3.aif in Resources */,
				95EF52211C3DB36300F7ED14 /* 69.aif in Resources */,
				95EF52261C3DB36300F7ED14 /* 73.aif in Resources */,
				95EF521B1C3DB36300F7ED14 /* 63.aif in Resources */,
				95EF52021C3DB36300F7ED14 /* 40.aif in Resources */,
				95EF522E1C3DB36300F7ED14 /* 80.aif in Resources */,
				95EF52371C3DB36300F7ED14 /* renameIt.sh in Resources */,
				95EF522D1C3DB36300F7ED14 /* 8.aif in Resources */,
				95EF521C1C3DB36300F7ED14 /* 64.aif in Resources */,
				95EF52331C3DB36300F7ED14 /* 85.aif in Resources */,
				95EF52201C3DB36300F7ED14 /* 68.aif in Resources */,
				95EF51FE1C3DB36300F7ED14 /* 37.aif in Resources */,
				95EF52361C3DB36300F7ED14 /* 9.aif in Resources */,
				95EF52041C3DB36300F7ED14 /* 42.aif in Resources */,
				95EF51FC1C3DB36300F7ED14 /* 35.aif in Resources */,
				95EF52031C3DB36300F7ED14 /* 41.aif in Resources */,
				95EF520F1C3DB36300F7ED14 /* 52.aif in Resources */,
				95EF51F41C3DB36300F7ED14 /* 28.aif in Resources */,
				95EF52011C3DB36300F7ED14 /* 4.aif in Resources */,
				95EF51EB1C3DB36300F7ED14 /* 2.aif in Resources */,
				95EF51F01C3DB36300F7ED14 /* 24.aif in Resources */,
				95EF51F21C3DB36300F7ED14 /* 26.aif in Resources */,
				95EF51FD1C3DB36300F7ED14 /* 36.aif in Resources */,
				95EF520C1C3DB36300F7ED14 /* 5.aif in Resources */,
				95EF51F71C3DB36300F7ED14 /* 30.aif in Resources */,
				95EF51FF1C3DB36300F7ED14 /* 38.aif in Resources */,
				95EF51EE1C3DB36300F7ED14 /* 22.aif in Resources */,
				95EF521D1C3DB36300F7ED14 /* 65.aif in Resources */,
				95EF51E21C3DB36300F7ED14 /* 11.aif in Resources */,
				95EF52081C3DB36300F7ED14 /* 46.aif in Resources */,
				95EF52191C3DB36300F7ED14 /* 61.aif in Resources */,
				95EF522F1C3DB36300F7ED14 /* 81.aif in Resources */,
				95EF51E81C3DB36300F7ED14 /* 17.aif in Resources */,
				95EF522B1C3DB36300F7ED14 /* 78.aif in Resources */,
				95EF52141C3DB36300F7ED14 /* 57.aif in Resources */,
				95EF52291C3DB36300F7ED14 /* 76.aif in Resources */,
				95EF52161C3DB36300F7ED14 /* 59.aif in Resources */,
				95EF51F11C3DB36300F7ED14 /* 25.aif in Resources */,
				95F05B961B85073D0022F04C /* LaunchScreen.xib in Resources */,
				95EF52111C3DB36300F7ED14 /* 54.aif in Resources */,
				953A44FE1C44700400B391F1 /* silent.mp3 in Resources */,
				95F05B931B85073D0022F04C /* Images.xcassets in Resources */,
				95EF51E31C3DB36300F7ED14 /* 12.aif in Resources */,
				95EF51FA1C3DB36300F7ED14 /* 33.aif in Resources */,
				95EF51EC1C3DB36300F7ED14 /* 20.aif in Resources */,
			);
			runOnlyForDeploymentPostprocessing = 0;
		};
		95F05B991B85073D0022F04C /* Resources */ = {
			isa = PBXResourcesBuildPhase;
			buildActionMask = 2147483647;
			files = (
			);
			runOnlyForDeploymentPostprocessing = 0;
		};
/* End PBXResourcesBuildPhase section */

/* Begin PBXSourcesBuildPhase section */
		95F05B821B85073D0022F04C /* Sources */ = {
			isa = PBXSourcesBuildPhase;
			buildActionMask = 2147483647;
			files = (
				958C78F71B8E534600221004 /* NoteSprite.swift in Sources */,
				9500E3DE1B8DFE410037973F /* AnimatedStaff.swift in Sources */,
				95966D491B8F4E0100326C7B /* Clef.swift in Sources */,
				95F05B8C1B85073D0022F04C /* AppDelegate.swift in Sources */,
				95088E3B1C437BF7009ADED7 /* TempoChangingState.swift in Sources */,
				953F12741C3385C600DFA922 /* GameModel.swift in Sources */,
				953F12701C2F9D7A00DFA922 /* Keyboard.swift in Sources */,
				953F12781C3387A300DFA922 /* MainMenuViewController.swift in Sources */,
				953A45001C4472C600B391F1 /* HighScoreViewController.swift in Sources */,
				958C76E31B8E0EFB00221004 /* KeyboardView.swift in Sources */,
				953F127A1C33901900DFA922 /* TempoMarkingSprite.swift in Sources */,
				953F12721C30A85C00DFA922 /* KeySignatureSprite.swift in Sources */,
				958C76E11B8E0D4200221004 /* KeyBase.swift in Sources */,
				95312ADE1C44C56100160912 /* GamePersistence.swift in Sources */,
				953F12761C33876900DFA922 /* GameViewController.swift in Sources */,
				95088E3D1C437C01009ADED7 /* NoteAndClefState.swift in Sources */,
				958C76D01B8E09FD00221004 /* Note.swift in Sources */,
				95088E391C437BED009ADED7 /* KeySignatureChangingState.swift in Sources */,
				958C76E51B8E121C00221004 /* KeyRange.swift in Sources */,
				955F013D1C28989E000434AD /* Pitch.swift in Sources */,
				9563F68A1C435E70003130CB /* GameCountStateMachine.swift in Sources */,
				955F013B1C274300000434AD /* MajorKeySignature.swift in Sources */,
			);
			runOnlyForDeploymentPostprocessing = 0;
		};
		95F05B971B85073D0022F04C /* Sources */ = {
			isa = PBXSourcesBuildPhase;
			buildActionMask = 2147483647;
			files = (
				954F214C1D0F5C1100F4430C /* Presto_ConcentrationKeySigTests.swift in Sources */,
				95F05BA21B85073D0022F04C /* Presto_ConcentrationTests.swift in Sources */,
			);
			runOnlyForDeploymentPostprocessing = 0;
		};
/* End PBXSourcesBuildPhase section */

/* Begin PBXTargetDependency section */
		95F05B9D1B85073D0022F04C /* PBXTargetDependency */ = {
			isa = PBXTargetDependency;
			target = 95F05B851B85073D0022F04C /* Presto Concentration */;
			targetProxy = 95F05B9C1B85073D0022F04C /* PBXContainerItemProxy */;
		};
/* End PBXTargetDependency section */

/* Begin PBXVariantGroup section */
		95F05B8F1B85073D0022F04C /* Main.storyboard */ = {
			isa = PBXVariantGroup;
			children = (
				95F05B901B85073D0022F04C /* Base */,
			);
			name = Main.storyboard;
			sourceTree = "<group>";
		};
		95F05B941B85073D0022F04C /* LaunchScreen.xib */ = {
			isa = PBXVariantGroup;
			children = (
				95F05B951B85073D0022F04C /* Base */,
			);
			name = LaunchScreen.xib;
			sourceTree = "<group>";
		};
/* End PBXVariantGroup section */

/* Begin XCBuildConfiguration section */
		95F05BA31B85073D0022F04C /* Debug */ = {
			isa = XCBuildConfiguration;
			buildSettings = {
				ALWAYS_SEARCH_USER_PATHS = NO;
				CLANG_CXX_LANGUAGE_STANDARD = "gnu++0x";
				CLANG_CXX_LIBRARY = "libc++";
				CLANG_ENABLE_MODULES = YES;
				CLANG_ENABLE_OBJC_ARC = YES;
				CLANG_WARN_BOOL_CONVERSION = YES;
				CLANG_WARN_CONSTANT_CONVERSION = YES;
				CLANG_WARN_DIRECT_OBJC_ISA_USAGE = YES_ERROR;
				CLANG_WARN_EMPTY_BODY = YES;
				CLANG_WARN_ENUM_CONVERSION = YES;
				CLANG_WARN_INT_CONVERSION = YES;
				CLANG_WARN_OBJC_ROOT_CLASS = YES_ERROR;
				CLANG_WARN_UNREACHABLE_CODE = YES;
				CLANG_WARN__DUPLICATE_METHOD_MATCH = YES;
				"CODE_SIGN_IDENTITY[sdk=iphoneos*]" = "iPhone Developer";
				COPY_PHASE_STRIP = NO;
				DEBUG_INFORMATION_FORMAT = "dwarf-with-dsym";
				ENABLE_STRICT_OBJC_MSGSEND = YES;
				ENABLE_TESTABILITY = YES;
				GCC_C_LANGUAGE_STANDARD = gnu99;
				GCC_DYNAMIC_NO_PIC = NO;
				GCC_NO_COMMON_BLOCKS = YES;
				GCC_OPTIMIZATION_LEVEL = 0;
				GCC_PREPROCESSOR_DEFINITIONS = (
					"DEBUG=1",
					"$(inherited)",
				);
				GCC_SYMBOLS_PRIVATE_EXTERN = NO;
				GCC_WARN_64_TO_32_BIT_CONVERSION = YES;
				GCC_WARN_ABOUT_RETURN_TYPE = YES_ERROR;
				GCC_WARN_UNDECLARED_SELECTOR = YES;
				GCC_WARN_UNINITIALIZED_AUTOS = YES_AGGRESSIVE;
				GCC_WARN_UNUSED_FUNCTION = YES;
				GCC_WARN_UNUSED_VARIABLE = YES;
				IPHONEOS_DEPLOYMENT_TARGET = 8.4;
				MTL_ENABLE_DEBUG_INFO = YES;
				ONLY_ACTIVE_ARCH = YES;
				SDKROOT = iphoneos;
				SWIFT_OPTIMIZATION_LEVEL = "-Onone";
				TARGETED_DEVICE_FAMILY = 2;
			};
			name = Debug;
		};
		95F05BA41B85073D0022F04C /* Release */ = {
			isa = XCBuildConfiguration;
			buildSettings = {
				ALWAYS_SEARCH_USER_PATHS = NO;
				CLANG_CXX_LANGUAGE_STANDARD = "gnu++0x";
				CLANG_CXX_LIBRARY = "libc++";
				CLANG_ENABLE_MODULES = YES;
				CLANG_ENABLE_OBJC_ARC = YES;
				CLANG_WARN_BOOL_CONVERSION = YES;
				CLANG_WARN_CONSTANT_CONVERSION = YES;
				CLANG_WARN_DIRECT_OBJC_ISA_USAGE = YES_ERROR;
				CLANG_WARN_EMPTY_BODY = YES;
				CLANG_WARN_ENUM_CONVERSION = YES;
				CLANG_WARN_INT_CONVERSION = YES;
				CLANG_WARN_OBJC_ROOT_CLASS = YES_ERROR;
				CLANG_WARN_UNREACHABLE_CODE = YES;
				CLANG_WARN__DUPLICATE_METHOD_MATCH = YES;
				"CODE_SIGN_IDENTITY[sdk=iphoneos*]" = "iPhone Developer";
				COPY_PHASE_STRIP = NO;
				DEBUG_INFORMATION_FORMAT = "dwarf-with-dsym";
				ENABLE_NS_ASSERTIONS = NO;
				ENABLE_STRICT_OBJC_MSGSEND = YES;
				GCC_C_LANGUAGE_STANDARD = gnu99;
				GCC_NO_COMMON_BLOCKS = YES;
				GCC_WARN_64_TO_32_BIT_CONVERSION = YES;
				GCC_WARN_ABOUT_RETURN_TYPE = YES_ERROR;
				GCC_WARN_UNDECLARED_SELECTOR = YES;
				GCC_WARN_UNINITIALIZED_AUTOS = YES_AGGRESSIVE;
				GCC_WARN_UNUSED_FUNCTION = YES;
				GCC_WARN_UNUSED_VARIABLE = YES;
				IPHONEOS_DEPLOYMENT_TARGET = 8.4;
				MTL_ENABLE_DEBUG_INFO = NO;
				SDKROOT = iphoneos;
				TARGETED_DEVICE_FAMILY = 2;
				VALIDATE_PRODUCT = YES;
			};
			name = Release;
		};
		95F05BA61B85073D0022F04C /* Debug */ = {
			isa = XCBuildConfiguration;
			buildSettings = {
				ASSETCATALOG_COMPILER_APPICON_NAME = AppIcon;
				CODE_SIGN_IDENTITY = "iPhone Developer";
				"CODE_SIGN_IDENTITY[sdk=iphoneos*]" = "iPhone Developer";
				INFOPLIST_FILE = "Presto Concentration/Info.plist";
				LD_RUNPATH_SEARCH_PATHS = "$(inherited) @executable_path/Frameworks";
				PRODUCT_BUNDLE_IDENTIFIER = "Deadly-Octopus.$(PRODUCT_NAME:rfc1034identifier)";
				PRODUCT_NAME = "$(TARGET_NAME)";
				PROVISIONING_PROFILE = "";
			};
			name = Debug;
		};
		95F05BA71B85073D0022F04C /* Release */ = {
			isa = XCBuildConfiguration;
			buildSettings = {
				ASSETCATALOG_COMPILER_APPICON_NAME = AppIcon;
				CODE_SIGN_IDENTITY = "iPhone Developer";
				"CODE_SIGN_IDENTITY[sdk=iphoneos*]" = "iPhone Developer";
				INFOPLIST_FILE = "Presto Concentration/Info.plist";
				LD_RUNPATH_SEARCH_PATHS = "$(inherited) @executable_path/Frameworks";
				PRODUCT_BUNDLE_IDENTIFIER = "Deadly-Octopus.$(PRODUCT_NAME:rfc1034identifier)";
				PRODUCT_NAME = "$(TARGET_NAME)";
				PROVISIONING_PROFILE = "";
			};
			name = Release;
		};
		95F05BA91B85073D0022F04C /* Debug */ = {
			isa = XCBuildConfiguration;
			buildSettings = {
				BUNDLE_LOADER = "$(TEST_HOST)";
				FRAMEWORK_SEARCH_PATHS = (
					"$(SDKROOT)/Developer/Library/Frameworks",
					"$(inherited)",
				);
				GCC_PREPROCESSOR_DEFINITIONS = (
					"DEBUG=1",
					"$(inherited)",
				);
				INFOPLIST_FILE = "Presto ConcentrationTests/Info.plist";
				LD_RUNPATH_SEARCH_PATHS = "$(inherited) @executable_path/Frameworks @loader_path/Frameworks";
				PRODUCT_BUNDLE_IDENTIFIER = "Deadly-Octopus.$(PRODUCT_NAME:rfc1034identifier)";
				PRODUCT_NAME = "$(TARGET_NAME)";
				TEST_HOST = "$(BUILT_PRODUCTS_DIR)/Presto Concentration.app/Presto Concentration";
			};
			name = Debug;
		};
		95F05BAA1B85073D0022F04C /* Release */ = {
			isa = XCBuildConfiguration;
			buildSettings = {
				BUNDLE_LOADER = "$(TEST_HOST)";
				FRAMEWORK_SEARCH_PATHS = (
					"$(SDKROOT)/Developer/Library/Frameworks",
					"$(inherited)",
				);
				INFOPLIST_FILE = "Presto ConcentrationTests/Info.plist";
				LD_RUNPATH_SEARCH_PATHS = "$(inherited) @executable_path/Frameworks @loader_path/Frameworks";
				PRODUCT_BUNDLE_IDENTIFIER = "Deadly-Octopus.$(PRODUCT_NAME:rfc1034identifier)";
				PRODUCT_NAME = "$(TARGET_NAME)";
				TEST_HOST = "$(BUILT_PRODUCTS_DIR)/Presto Concentration.app/Presto Concentration";
			};
			name = Release;
		};
/* End XCBuildConfiguration section */

/* Begin XCConfigurationList section */
		95F05B811B85073D0022F04C /* Build configuration list for PBXProject "Presto Concentration" */ = {
			isa = XCConfigurationList;
			buildConfigurations = (
				95F05BA31B85073D0022F04C /* Debug */,
				95F05BA41B85073D0022F04C /* Release */,
			);
			defaultConfigurationIsVisible = 0;
			defaultConfigurationName = Release;
		};
		95F05BA51B85073D0022F04C /* Build configuration list for PBXNativeTarget "Presto Concentration" */ = {
			isa = XCConfigurationList;
			buildConfigurations = (
				95F05BA61B85073D0022F04C /* Debug */,
				95F05BA71B85073D0022F04C /* Release */,
			);
			defaultConfigurationIsVisible = 0;
			defaultConfigurationName = Release;
		};
		95F05BA81B85073D0022F04C /* Build configuration list for PBXNativeTarget "Presto ConcentrationTests" */ = {
			isa = XCConfigurationList;
			buildConfigurations = (
				95F05BA91B85073D0022F04C /* Debug */,
				95F05BAA1B85073D0022F04C /* Release */,
			);
			defaultConfigurationIsVisible = 0;
			defaultConfigurationName = Release;
		};
/* End XCConfigurationList section */
	};
	rootObject = 95F05B7E1B85073D0022F04C /* Project object */;
}
